// !$*UTF8*$!
{
	archiveVersion = 1;
	classes = {
	};
	objectVersion = 55;
	objects = {

/* Begin PBXBuildFile section */
		3618F822291E10E70021114C /* AppDelegate.swift in Sources */ = {isa = PBXBuildFile; fileRef = 3618F821291E10E70021114C /* AppDelegate.swift */; };
		3618F824291E10E70021114C /* SceneDelegate.swift in Sources */ = {isa = PBXBuildFile; fileRef = 3618F823291E10E70021114C /* SceneDelegate.swift */; };
		3618F826291E10E70021114C /* ViewController.swift in Sources */ = {isa = PBXBuildFile; fileRef = 3618F825291E10E70021114C /* ViewController.swift */; };
		3618F829291E10E70021114C /* Main.storyboard in Resources */ = {isa = PBXBuildFile; fileRef = 3618F827291E10E70021114C /* Main.storyboard */; };
		3618F82C291E10E70021114C /* MVVM.xcdatamodeld in Sources */ = {isa = PBXBuildFile; fileRef = 3618F82A291E10E70021114C /* MVVM.xcdatamodeld */; };
		3618F82E291E10E80021114C /* Assets.xcassets in Resources */ = {isa = PBXBuildFile; fileRef = 3618F82D291E10E80021114C /* Assets.xcassets */; };
		3618F831291E10E80021114C /* LaunchScreen.storyboard in Resources */ = {isa = PBXBuildFile; fileRef = 3618F82F291E10E80021114C /* LaunchScreen.storyboard */; };
		3618F83C291E10E80021114C /* MVVMTests.swift in Sources */ = {isa = PBXBuildFile; fileRef = 3618F83B291E10E80021114C /* MVVMTests.swift */; };
		3618F846291E10E80021114C /* MVVMUITests.swift in Sources */ = {isa = PBXBuildFile; fileRef = 3618F845291E10E80021114C /* MVVMUITests.swift */; };
		3618F848291E10E80021114C /* MVVMUITestsLaunchTests.swift in Sources */ = {isa = PBXBuildFile; fileRef = 3618F847291E10E80021114C /* MVVMUITestsLaunchTests.swift */; };
		3618F858291E11350021114C /* Data.swift in Sources */ = {isa = PBXBuildFile; fileRef = 3618F857291E11350021114C /* Data.swift */; };
		3618F85A291E11440021114C /* MovieViewModel.swift in Sources */ = {isa = PBXBuildFile; fileRef = 3618F859291E11440021114C /* MovieViewModel.swift */; };
		3618F85D291E11980021114C /* ApiService.swift in Sources */ = {isa = PBXBuildFile; fileRef = 3618F85C291E11980021114C /* ApiService.swift */; };
/* End PBXBuildFile section */

/* Begin PBXContainerItemProxy section */
		3618F838291E10E80021114C /* PBXContainerItemProxy */ = {
			isa = PBXContainerItemProxy;
			containerPortal = 3618F816291E10E70021114C /* Project object */;
			proxyType = 1;
			remoteGlobalIDString = 3618F81D291E10E70021114C;
			remoteInfo = MVVM;
		};
		3618F842291E10E80021114C /* PBXContainerItemProxy */ = {
			isa = PBXContainerItemProxy;
			containerPortal = 3618F816291E10E70021114C /* Project object */;
			proxyType = 1;
			remoteGlobalIDString = 3618F81D291E10E70021114C;
			remoteInfo = MVVM;
		};
/* End PBXContainerItemProxy section */

/* Begin PBXFileReference section */
		3618F81E291E10E70021114C /* MVVM.app */ = {isa = PBXFileReference; explicitFileType = wrapper.application; includeInIndex = 0; path = MVVM.app; sourceTree = BUILT_PRODUCTS_DIR; };
		3618F821291E10E70021114C /* AppDelegate.swift */ = {isa = PBXFileReference; lastKnownFileType = sourcecode.swift; path = AppDelegate.swift; sourceTree = "<group>"; };
		3618F823291E10E70021114C /* SceneDelegate.swift */ = {isa = PBXFileReference; lastKnownFileType = sourcecode.swift; path = SceneDelegate.swift; sourceTree = "<group>"; };
		3618F825291E10E70021114C /* ViewController.swift */ = {isa = PBXFileReference; lastKnownFileType = sourcecode.swift; path = ViewController.swift; sourceTree = "<group>"; };
		3618F828291E10E70021114C /* Base */ = {isa = PBXFileReference; lastKnownFileType = file.storyboard; name = Base; path = Base.lproj/Main.storyboard; sourceTree = "<group>"; };
		3618F82B291E10E70021114C /* MVVM.xcdatamodel */ = {isa = PBXFileReference; lastKnownFileType = wrapper.xcdatamodel; path = MVVM.xcdatamodel; sourceTree = "<group>"; };
		3618F82D291E10E80021114C /* Assets.xcassets */ = {isa = PBXFileReference; lastKnownFileType = folder.assetcatalog; path = Assets.xcassets; sourceTree = "<group>"; };
		3618F830291E10E80021114C /* Base */ = {isa = PBXFileReference; lastKnownFileType = file.storyboard; name = Base; path = Base.lproj/LaunchScreen.storyboard; sourceTree = "<group>"; };
		3618F832291E10E80021114C /* Info.plist */ = {isa = PBXFileReference; lastKnownFileType = text.plist.xml; path = Info.plist; sourceTree = "<group>"; };
		3618F837291E10E80021114C /* MVVMTests.xctest */ = {isa = PBXFileReference; explicitFileType = wrapper.cfbundle; includeInIndex = 0; path = MVVMTests.xctest; sourceTree = BUILT_PRODUCTS_DIR; };
		3618F83B291E10E80021114C /* MVVMTests.swift */ = {isa = PBXFileReference; lastKnownFileType = sourcecode.swift; path = MVVMTests.swift; sourceTree = "<group>"; };
		3618F841291E10E80021114C /* MVVMUITests.xctest */ = {isa = PBXFileReference; explicitFileType = wrapper.cfbundle; includeInIndex = 0; path = MVVMUITests.xctest; sourceTree = BUILT_PRODUCTS_DIR; };
		3618F845291E10E80021114C /* MVVMUITests.swift */ = {isa = PBXFileReference; lastKnownFileType = sourcecode.swift; path = MVVMUITests.swift; sourceTree = "<group>"; };
		3618F847291E10E80021114C /* MVVMUITestsLaunchTests.swift */ = {isa = PBXFileReference; lastKnownFileType = sourcecode.swift; path = MVVMUITestsLaunchTests.swift; sourceTree = "<group>"; };
		3618F857291E11350021114C /* Data.swift */ = {isa = PBXFileReference; lastKnownFileType = sourcecode.swift; path = Data.swift; sourceTree = "<group>"; };
		3618F859291E11440021114C /* MovieViewModel.swift */ = {isa = PBXFileReference; lastKnownFileType = sourcecode.swift; path = MovieViewModel.swift; sourceTree = "<group>"; };
		3618F85C291E11980021114C /* ApiService.swift */ = {isa = PBXFileReference; lastKnownFileType = sourcecode.swift; path = ApiService.swift; sourceTree = "<group>"; };
/* End PBXFileReference section */

/* Begin PBXFrameworksBuildPhase section */
		3618F81B291E10E70021114C /* Frameworks */ = {
			isa = PBXFrameworksBuildPhase;
			buildActionMask = 2147483647;
			files = (
			);
			runOnlyForDeploymentPostprocessing = 0;
		};
		3618F834291E10E80021114C /* Frameworks */ = {
			isa = PBXFrameworksBuildPhase;
			buildActionMask = 2147483647;
			files = (
			);
			runOnlyForDeploymentPostprocessing = 0;
		};
		3618F83E291E10E80021114C /* Frameworks */ = {
			isa = PBXFrameworksBuildPhase;
			buildActionMask = 2147483647;
			files = (
			);
			runOnlyForDeploymentPostprocessing = 0;
		};
/* End PBXFrameworksBuildPhase section */

/* Begin PBXGroup section */
		3618F815291E10E70021114C = {
			isa = PBXGroup;
			children = (
				3618F820291E10E70021114C /* MVVM */,
				3618F83A291E10E80021114C /* MVVMTests */,
				3618F844291E10E80021114C /* MVVMUITests */,
				3618F81F291E10E70021114C /* Products */,
			);
			sourceTree = "<group>";
		};
		3618F81F291E10E70021114C /* Products */ = {
			isa = PBXGroup;
			children = (
				3618F81E291E10E70021114C /* MVVM.app */,
				3618F837291E10E80021114C /* MVVMTests.xctest */,
				3618F841291E10E80021114C /* MVVMUITests.xctest */,
			);
			name = Products;
			sourceTree = "<group>";
		};
		3618F820291E10E70021114C /* MVVM */ = {
			isa = PBXGroup;
			children = (
				3618F821291E10E70021114C /* AppDelegate.swift */,
				3618F823291E10E70021114C /* SceneDelegate.swift */,
				3618F85B291E11700021114C /* Service */,
				3618F856291E110F0021114C /* Controller */,
				3618F855291E11050021114C /* ViewModel */,
				3618F854291E10F90021114C /* Model */,
				3618F827291E10E70021114C /* Main.storyboard */,
				3618F82D291E10E80021114C /* Assets.xcassets */,
				3618F82F291E10E80021114C /* LaunchScreen.storyboard */,
				3618F832291E10E80021114C /* Info.plist */,
				3618F82A291E10E70021114C /* MVVM.xcdatamodeld */,
			);
			path = MVVM;
			sourceTree = "<group>";
		};
		3618F83A291E10E80021114C /* MVVMTests */ = {
			isa = PBXGroup;
			children = (
				3618F83B291E10E80021114C /* MVVMTests.swift */,
			);
			path = MVVMTests;
			sourceTree = "<group>";
		};
		3618F844291E10E80021114C /* MVVMUITests */ = {
			isa = PBXGroup;
			children = (
				3618F845291E10E80021114C /* MVVMUITests.swift */,
				3618F847291E10E80021114C /* MVVMUITestsLaunchTests.swift */,
			);
			path = MVVMUITests;
			sourceTree = "<group>";
		};
		3618F854291E10F90021114C /* Model */ = {
			isa = PBXGroup;
			children = (
				3618F857291E11350021114C /* Data.swift */,
			);
			path = Model;
			sourceTree = "<group>";
		};
		3618F855291E11050021114C /* ViewModel */ = {
			isa = PBXGroup;
			children = (
				3618F859291E11440021114C /* MovieViewModel.swift */,
			);
			path = ViewModel;
			sourceTree = "<group>";
		};
		3618F856291E110F0021114C /* Controller */ = {
			isa = PBXGroup;
			children = (
				3618F825291E10E70021114C /* ViewController.swift */,
			);
			path = Controller;
			sourceTree = "<group>";
		};
		3618F85B291E11700021114C /* Service */ = {
			isa = PBXGroup;
			children = (
				3618F85C291E11980021114C /* ApiService.swift */,
			);
			path = Service;
			sourceTree = "<group>";
		};
/* End PBXGroup section */

/* Begin PBXNativeTarget section */
		3618F81D291E10E70021114C /* MVVM */ = {
			isa = PBXNativeTarget;
			buildConfigurationList = 3618F84B291E10E80021114C /* Build configuration list for PBXNativeTarget "MVVM" */;
			buildPhases = (
				3618F81A291E10E70021114C /* Sources */,
				3618F81B291E10E70021114C /* Frameworks */,
				3618F81C291E10E70021114C /* Resources */,
			);
			buildRules = (
			);
			dependencies = (
			);
			name = MVVM;
			productName = MVVM;
			productReference = 3618F81E291E10E70021114C /* MVVM.app */;
			productType = "com.apple.product-type.application";
		};
		3618F836291E10E80021114C /* MVVMTests */ = {
			isa = PBXNativeTarget;
			buildConfigurationList = 3618F84E291E10E80021114C /* Build configuration list for PBXNativeTarget "MVVMTests" */;
			buildPhases = (
				3618F833291E10E80021114C /* Sources */,
				3618F834291E10E80021114C /* Frameworks */,
				3618F835291E10E80021114C /* Resources */,
			);
			buildRules = (
			);
			dependencies = (
				3618F839291E10E80021114C /* PBXTargetDependency */,
			);
			name = MVVMTests;
			productName = MVVMTests;
			productReference = 3618F837291E10E80021114C /* MVVMTests.xctest */;
			productType = "com.apple.product-type.bundle.unit-test";
		};
		3618F840291E10E80021114C /* MVVMUITests */ = {
			isa = PBXNativeTarget;
			buildConfigurationList = 3618F851291E10E80021114C /* Build configuration list for PBXNativeTarget "MVVMUITests" */;
			buildPhases = (
				3618F83D291E10E80021114C /* Sources */,
				3618F83E291E10E80021114C /* Frameworks */,
				3618F83F291E10E80021114C /* Resources */,
			);
			buildRules = (
			);
			dependencies = (
				3618F843291E10E80021114C /* PBXTargetDependency */,
			);
			name = MVVMUITests;
			productName = MVVMUITests;
			productReference = 3618F841291E10E80021114C /* MVVMUITests.xctest */;
			productType = "com.apple.product-type.bundle.ui-testing";
		};
/* End PBXNativeTarget section */

/* Begin PBXProject section */
		3618F816291E10E70021114C /* Project object */ = {
			isa = PBXProject;
			attributes = {
				BuildIndependentTargetsInParallel = 1;
				LastSwiftUpdateCheck = 1320;
				LastUpgradeCheck = 1320;
				TargetAttributes = {
					3618F81D291E10E70021114C = {
						CreatedOnToolsVersion = 13.2.1;
					};
					3618F836291E10E80021114C = {
						CreatedOnToolsVersion = 13.2.1;
						TestTargetID = 3618F81D291E10E70021114C;
					};
					3618F840291E10E80021114C = {
						CreatedOnToolsVersion = 13.2.1;
						TestTargetID = 3618F81D291E10E70021114C;
					};
				};
			};
			buildConfigurationList = 3618F819291E10E70021114C /* Build configuration list for PBXProject "MVVM" */;
			compatibilityVersion = "Xcode 13.0";
			developmentRegion = en;
			hasScannedForEncodings = 0;
			knownRegions = (
				en,
				Base,
			);
			mainGroup = 3618F815291E10E70021114C;
			productRefGroup = 3618F81F291E10E70021114C /* Products */;
			projectDirPath = "";
			projectRoot = "";
			targets = (
				3618F81D291E10E70021114C /* MVVM */,
				3618F836291E10E80021114C /* MVVMTests */,
				3618F840291E10E80021114C /* MVVMUITests */,
			);
		};
/* End PBXProject section */

/* Begin PBXResourcesBuildPhase section */
		3618F81C291E10E70021114C /* Resources */ = {
			isa = PBXResourcesBuildPhase;
			buildActionMask = 2147483647;
			files = (
				3618F831291E10E80021114C /* LaunchScreen.storyboard in Resources */,
				3618F82E291E10E80021114C /* Assets.xcassets in Resources */,
				3618F829291E10E70021114C /* Main.storyboard in Resources */,
			);
			runOnlyForDeploymentPostprocessing = 0;
		};
		3618F835291E10E80021114C /* Resources */ = {
			isa = PBXResourcesBuildPhase;
			buildActionMask = 2147483647;
			files = (
			);
			runOnlyForDeploymentPostprocessing = 0;
		};
		3618F83F291E10E80021114C /* Resources */ = {
			isa = PBXResourcesBuildPhase;
			buildActionMask = 2147483647;
			files = (
			);
			runOnlyForDeploymentPostprocessing = 0;
		};
/* End PBXResourcesBuildPhase section */

/* Begin PBXSourcesBuildPhase section */
		3618F81A291E10E70021114C /* Sources */ = {
			isa = PBXSourcesBuildPhase;
			buildActionMask = 2147483647;
			files = (
				3618F858291E11350021114C /* Data.swift in Sources */,
				3618F85A291E11440021114C /* MovieViewModel.swift in Sources */,
				3618F826291E10E70021114C /* ViewController.swift in Sources */,
				3618F822291E10E70021114C /* AppDelegate.swift in Sources */,
				3618F824291E10E70021114C /* SceneDelegate.swift in Sources */,
				3618F85D291E11980021114C /* ApiService.swift in Sources */,
				3618F82C291E10E70021114C /* MVVM.xcdatamodeld in Sources */,
			);
			runOnlyForDeploymentPostprocessing = 0;
		};
		3618F833291E10E80021114C /* Sources */ = {
			isa = PBXSourcesBuildPhase;
			buildActionMask = 2147483647;
			files = (
				3618F83C291E10E80021114C /* MVVMTests.swift in Sources */,
			);
			runOnlyForDeploymentPostprocessing = 0;
		};
		3618F83D291E10E80021114C /* Sources */ = {
			isa = PBXSourcesBuildPhase;
			buildActionMask = 2147483647;
			files = (
				3618F848291E10E80021114C /* MVVMUITestsLaunchTests.swift in Sources */,
				3618F846291E10E80021114C /* MVVMUITests.swift in Sources */,
			);
			runOnlyForDeploymentPostprocessing = 0;
		};
/* End PBXSourcesBuildPhase section */

/* Begin PBXTargetDependency section */
		3618F839291E10E80021114C /* PBXTargetDependency */ = {
			isa = PBXTargetDependency;
			target = 3618F81D291E10E70021114C /* MVVM */;
			targetProxy = 3618F838291E10E80021114C /* PBXContainerItemProxy */;
		};
		3618F843291E10E80021114C /* PBXTargetDependency */ = {
			isa = PBXTargetDependency;
			target = 3618F81D291E10E70021114C /* MVVM */;
			targetProxy = 3618F842291E10E80021114C /* PBXContainerItemProxy */;
		};
/* End PBXTargetDependency section */

/* Begin PBXVariantGroup section */
		3618F827291E10E70021114C /* Main.storyboard */ = {
			isa = PBXVariantGroup;
			children = (
				3618F828291E10E70021114C /* Base */,
			);
			name = Main.storyboard;
			sourceTree = "<group>";
		};
		3618F82F291E10E80021114C /* LaunchScreen.storyboard */ = {
			isa = PBXVariantGroup;
			children = (
				3618F830291E10E80021114C /* Base */,
			);
			name = LaunchScreen.storyboard;
			sourceTree = "<group>";
		};
/* End PBXVariantGroup section */

/* Begin XCBuildConfiguration section */
		3618F849291E10E80021114C /* Debug */ = {
			isa = XCBuildConfiguration;
			buildSettings = {
				ALWAYS_SEARCH_USER_PATHS = NO;
				CLANG_ANALYZER_NONNULL = YES;
				CLANG_ANALYZER_NUMBER_OBJECT_CONVERSION = YES_AGGRESSIVE;
				CLANG_CXX_LANGUAGE_STANDARD = "gnu++17";
				CLANG_CXX_LIBRARY = "libc++";
				CLANG_ENABLE_MODULES = YES;
				CLANG_ENABLE_OBJC_ARC = YES;
				CLANG_ENABLE_OBJC_WEAK = YES;
				CLANG_WARN_BLOCK_CAPTURE_AUTORELEASING = YES;
				CLANG_WARN_BOOL_CONVERSION = YES;
				CLANG_WARN_COMMA = YES;
				CLANG_WARN_CONSTANT_CONVERSION = YES;
				CLANG_WARN_DEPRECATED_OBJC_IMPLEMENTATIONS = YES;
				CLANG_WARN_DIRECT_OBJC_ISA_USAGE = YES_ERROR;
				CLANG_WARN_DOCUMENTATION_COMMENTS = YES;
				CLANG_WARN_EMPTY_BODY = YES;
				CLANG_WARN_ENUM_CONVERSION = YES;
				CLANG_WARN_INFINITE_RECURSION = YES;
				CLANG_WARN_INT_CONVERSION = YES;
				CLANG_WARN_NON_LITERAL_NULL_CONVERSION = YES;
				CLANG_WARN_OBJC_IMPLICIT_RETAIN_SELF = YES;
				CLANG_WARN_OBJC_LITERAL_CONVERSION = YES;
				CLANG_WARN_OBJC_ROOT_CLASS = YES_ERROR;
				CLANG_WARN_QUOTED_INCLUDE_IN_FRAMEWORK_HEADER = YES;
				CLANG_WARN_RANGE_LOOP_ANALYSIS = YES;
				CLANG_WARN_STRICT_PROTOTYPES = YES;
				CLANG_WARN_SUSPICIOUS_MOVE = YES;
				CLANG_WARN_UNGUARDED_AVAILABILITY = YES_AGGRESSIVE;
				CLANG_WARN_UNREACHABLE_CODE = YES;
				CLANG_WARN__DUPLICATE_METHOD_MATCH = YES;
				COPY_PHASE_STRIP = NO;
				DEBUG_INFORMATION_FORMAT = dwarf;
				ENABLE_STRICT_OBJC_MSGSEND = YES;
				ENABLE_TESTABILITY = YES;
				GCC_C_LANGUAGE_STANDARD = gnu11;
				GCC_DYNAMIC_NO_PIC = NO;
				GCC_NO_COMMON_BLOCKS = YES;
				GCC_OPTIMIZATION_LEVEL = 0;
				GCC_PREPROCESSOR_DEFINITIONS = (
					"DEBUG=1",
					"$(inherited)",
				);
				GCC_WARN_64_TO_32_BIT_CONVERSION = YES;
				GCC_WARN_ABOUT_RETURN_TYPE = YES_ERROR;
				GCC_WARN_UNDECLARED_SELECTOR = YES;
				GCC_WARN_UNINITIALIZED_AUTOS = YES_AGGRESSIVE;
				GCC_WARN_UNUSED_FUNCTION = YES;
				GCC_WARN_UNUSED_VARIABLE = YES;
				IPHONEOS_DEPLOYMENT_TARGET = 15.2;
				MTL_ENABLE_DEBUG_INFO = INCLUDE_SOURCE;
				MTL_FAST_MATH = YES;
				ONLY_ACTIVE_ARCH = YES;
				SDKROOT = iphoneos;
				SWIFT_ACTIVE_COMPILATION_CONDITIONS = DEBUG;
				SWIFT_OPTIMIZATION_LEVEL = "-Onone";
			};
			name = Debug;
		};
		3618F84A291E10E80021114C /* Release */ = {
			isa = XCBuildConfiguration;
			buildSettings = {
				ALWAYS_SEARCH_USER_PATHS = NO;
				CLANG_ANALYZER_NONNULL = YES;
				CLANG_ANALYZER_NUMBER_OBJECT_CONVERSION = YES_AGGRESSIVE;
				CLANG_CXX_LANGUAGE_STANDARD = "gnu++17";
				CLANG_CXX_LIBRARY = "libc++";
				CLANG_ENABLE_MODULES = YES;
				CLANG_ENABLE_OBJC_ARC = YES;
				CLANG_ENABLE_OBJC_WEAK = YES;
				CLANG_WARN_BLOCK_CAPTURE_AUTORELEASING = YES;
				CLANG_WARN_BOOL_CONVERSION = YES;
				CLANG_WARN_COMMA = YES;
				CLANG_WARN_CONSTANT_CONVERSION = YES;
				CLANG_WARN_DEPRECATED_OBJC_IMPLEMENTATIONS = YES;
				CLANG_WARN_DIRECT_OBJC_ISA_USAGE = YES_ERROR;
				CLANG_WARN_DOCUMENTATION_COMMENTS = YES;
				CLANG_WARN_EMPTY_BODY = YES;
				CLANG_WARN_ENUM_CONVERSION = YES;
				CLANG_WARN_INFINITE_RECURSION = YES;
				CLANG_WARN_INT_CONVERSION = YES;
				CLANG_WARN_NON_LITERAL_NULL_CONVERSION = YES;
				CLANG_WARN_OBJC_IMPLICIT_RETAIN_SELF = YES;
				CLANG_WARN_OBJC_LITERAL_CONVERSION = YES;
				CLANG_WARN_OBJC_ROOT_CLASS = YES_ERROR;
				CLANG_WARN_QUOTED_INCLUDE_IN_FRAMEWORK_HEADER = YES;
				CLANG_WARN_RANGE_LOOP_ANALYSIS = YES;
				CLANG_WARN_STRICT_PROTOTYPES = YES;
				CLANG_WARN_SUSPICIOUS_MOVE = YES;
				CLANG_WARN_UNGUARDED_AVAILABILITY = YES_AGGRESSIVE;
				CLANG_WARN_UNREACHABLE_CODE = YES;
				CLANG_WARN__DUPLICATE_METHOD_MATCH = YES;
				COPY_PHASE_STRIP = NO;
				DEBUG_INFORMATION_FORMAT = "dwarf-with-dsym";
				ENABLE_NS_ASSERTIONS = NO;
				ENABLE_STRICT_OBJC_MSGSEND = YES;
				GCC_C_LANGUAGE_STANDARD = gnu11;
				GCC_NO_COMMON_BLOCKS = YES;
				GCC_WARN_64_TO_32_BIT_CONVERSION = YES;
				GCC_WARN_ABOUT_RETURN_TYPE = YES_ERROR;
				GCC_WARN_UNDECLARED_SELECTOR = YES;
				GCC_WARN_UNINITIALIZED_AUTOS = YES_AGGRESSIVE;
				GCC_WARN_UNUSED_FUNCTION = YES;
				GCC_WARN_UNUSED_VARIABLE = YES;
				IPHONEOS_DEPLOYMENT_TARGET = 15.2;
				MTL_ENABLE_DEBUG_INFO = NO;
				MTL_FAST_MATH = YES;
				SDKROOT = iphoneos;
				SWIFT_COMPILATION_MODE = wholemodule;
				SWIFT_OPTIMIZATION_LEVEL = "-O";
				VALIDATE_PRODUCT = YES;
			};
			name = Release;
		};
		3618F84C291E10E80021114C /* Debug */ = {
			isa = XCBuildConfiguration;
			buildSettings = {
				ASSETCATALOG_COMPILER_APPICON_NAME = AppIcon;
				ASSETCATALOG_COMPILER_GLOBAL_ACCENT_COLOR_NAME = AccentColor;
				CODE_SIGN_STYLE = Automatic;
				CURRENT_PROJECT_VERSION = 1;
				GENERATE_INFOPLIST_FILE = YES;
				INFOPLIST_FILE = MVVM/Info.plist;
				INFOPLIST_KEY_UIApplicationSupportsIndirectInputEvents = YES;
				INFOPLIST_KEY_UILaunchStoryboardName = LaunchScreen;
				INFOPLIST_KEY_UIMainStoryboardFile = Main;
				INFOPLIST_KEY_UISupportedInterfaceOrientations_iPad = "UIInterfaceOrientationPortrait UIInterfaceOrientationPortraitUpsideDown UIInterfaceOrientationLandscapeLeft UIInterfaceOrientationLandscapeRight";
				INFOPLIST_KEY_UISupportedInterfaceOrientations_iPhone = "UIInterfaceOrientationPortrait UIInterfaceOrientationLandscapeLeft UIInterfaceOrientationLandscapeRight";
				LD_RUNPATH_SEARCH_PATHS = (
					"$(inherited)",
					"@executable_path/Frameworks",
				);
				MARKETING_VERSION = 1.0;
				PRODUCT_BUNDLE_IDENTIFIER = com.capgemini.MVVM;
				PRODUCT_NAME = "$(TARGET_NAME)";
				SWIFT_EMIT_LOC_STRINGS = YES;
				SWIFT_VERSION = 5.0;
				TARGETED_DEVICE_FAMILY = "1,2";
			};
			name = Debug;
		};
		3618F84D291E10E80021114C /* Release */ = {
			isa = XCBuildConfiguration;
			buildSettings = {
				ASSETCATALOG_COMPILER_APPICON_NAME = AppIcon;
				ASSETCATALOG_COMPILER_GLOBAL_ACCENT_COLOR_NAME = AccentColor;
				CODE_SIGN_STYLE = Automatic;
				CURRENT_PROJECT_VERSION = 1;
				GENERATE_INFOPLIST_FILE = YES;
				INFOPLIST_FILE = MVVM/Info.plist;
				INFOPLIST_KEY_UIApplicationSupportsIndirectInputEvents = YES;
				INFOPLIST_KEY_UILaunchStoryboardName = LaunchScreen;
				INFOPLIST_KEY_UIMainStoryboardFile = Main;
				INFOPLIST_KEY_UISupportedInterfaceOrientations_iPad = "UIInterfaceOrientationPortrait UIInterfaceOrientationPortraitUpsideDown UIInterfaceOrientationLandscapeLeft UIInterfaceOrientationLandscapeRight";
				INFOPLIST_KEY_UISupportedInterfaceOrientations_iPhone = "UIInterfaceOrientationPortrait UIInterfaceOrientationLandscapeLeft UIInterfaceOrientationLandscapeRight";
				LD_RUNPATH_SEARCH_PATHS = (
					"$(inherited)",
					"@executable_path/Frameworks",
				);
				MARKETING_VERSION = 1.0;
				PRODUCT_BUNDLE_IDENTIFIER = com.capgemini.MVVM;
				PRODUCT_NAME = "$(TARGET_NAME)";
				SWIFT_EMIT_LOC_STRINGS = YES;
				SWIFT_VERSION = 5.0;
				TARGETED_DEVICE_FAMILY = "1,2";
			};
			name = Release;
		};
		3618F84F291E10E80021114C /* Debug */ = {
			isa = XCBuildConfiguration;
			buildSettings = {
				ALWAYS_EMBED_SWIFT_STANDARD_LIBRARIES = YES;
				BUNDLE_LOADER = "$(TEST_HOST)";
				CODE_SIGN_STYLE = Automatic;
				CURRENT_PROJECT_VERSION = 1;
				GENERATE_INFOPLIST_FILE = YES;
				IPHONEOS_DEPLOYMENT_TARGET = 15.2;
				MARKETING_VERSION = 1.0;
				PRODUCT_BUNDLE_IDENTIFIER = com.capgemini.MVVMTests;
				PRODUCT_NAME = "$(TARGET_NAME)";
				SWIFT_EMIT_LOC_STRINGS = NO;
				SWIFT_VERSION = 5.0;
				TARGETED_DEVICE_FAMILY = "1,2";
				TEST_HOST = "$(BUILT_PRODUCTS_DIR)/MVVM.app/MVVM";
			};
			name = Debug;
		};
		3618F850291E10E80021114C /* Release */ = {
			isa = XCBuildConfiguration;
			buildSettings = {
				ALWAYS_EMBED_SWIFT_STANDARD_LIBRARIES = YES;
				BUNDLE_LOADER = "$(TEST_HOST)";
				CODE_SIGN_STYLE = Automatic;
				CURRENT_PROJECT_VERSION = 1;
				GENERATE_INFOPLIST_FILE = YES;
				IPHONEOS_DEPLOYMENT_TARGET = 15.2;
				MARKETING_VERSION = 1.0;
				PRODUCT_BUNDLE_IDENTIFIER = com.capgemini.MVVMTests;
				PRODUCT_NAME = "$(TARGET_NAME)";
				SWIFT_EMIT_LOC_STRINGS = NO;
				SWIFT_VERSION = 5.0;
				TARGETED_DEVICE_FAMILY = "1,2";
				TEST_HOST = "$(BUILT_PRODUCTS_DIR)/MVVM.app/MVVM";
			};
			name = Release;
		};
		3618F852291E10E80021114C /* Debug */ = {
			isa = XCBuildConfiguration;
			buildSettings = {
				ALWAYS_EMBED_SWIFT_STANDARD_LIBRARIES = YES;
				CODE_SIGN_STYLE = Automatic;
				CURRENT_PROJECT_VERSION = 1;
				GENERATE_INFOPLIST_FILE = YES;
				MARKETING_VERSION = 1.0;
				PRODUCT_BUNDLE_IDENTIFIER = com.capgemini.MVVMUITests;
				PRODUCT_NAME = "$(TARGET_NAME)";
				SWIFT_EMIT_LOC_STRINGS = NO;
				SWIFT_VERSION = 5.0;
				TARGETED_DEVICE_FAMILY = "1,2";
				TEST_TARGET_NAME = MVVM;
			};
			name = Debug;
		};
		3618F853291E10E80021114C /* Release */ = {
			isa = XCBuildConfiguration;
			buildSettings = {
				ALWAYS_EMBED_SWIFT_STANDARD_LIBRARIES = YES;
				CODE_SIGN_STYLE = Automatic;
				CURRENT_PROJECT_VERSION = 1;
				GENERATE_INFOPLIST_FILE = YES;
				MARKETING_VERSION = 1.0;
				PRODUCT_BUNDLE_IDENTIFIER = com.capgemini.MVVMUITests;
				PRODUCT_NAME = "$(TARGET_NAME)";
				SWIFT_EMIT_LOC_STRINGS = NO;
				SWIFT_VERSION = 5.0;
				TARGETED_DEVICE_FAMILY = "1,2";
				TEST_TARGET_NAME = MVVM;
			};
			name = Release;
		};
/* End XCBuildConfiguration section */

/* Begin XCConfigurationList section */
		3618F819291E10E70021114C /* Build configuration list for PBXProject "MVVM" */ = {
			isa = XCConfigurationList;
			buildConfigurations = (
				3618F849291E10E80021114C /* Debug */,
				3618F84A291E10E80021114C /* Release */,
			);
			defaultConfigurationIsVisible = 0;
			defaultConfigurationName = Release;
		};
		3618F84B291E10E80021114C /* Build configuration list for PBXNativeTarget "MVVM" */ = {
			isa = XCConfigurationList;
			buildConfigurations = (
				3618F84C291E10E80021114C /* Debug */,
				3618F84D291E10E80021114C /* Release */,
			);
			defaultConfigurationIsVisible = 0;
			defaultConfigurationName = Release;
		};
		3618F84E291E10E80021114C /* Build configuration list for PBXNativeTarget "MVVMTests" */ = {
			isa = XCConfigurationList;
			buildConfigurations = (
				3618F84F291E10E80021114C /* Debug */,
				3618F850291E10E80021114C /* Release */,
			);
			defaultConfigurationIsVisible = 0;
			defaultConfigurationName = Release;
		};
		3618F851291E10E80021114C /* Build configuration list for PBXNativeTarget "MVVMUITests" */ = {
			isa = XCConfigurationList;
			buildConfigurations = (
				3618F852291E10E80021114C /* Debug */,
				3618F853291E10E80021114C /* Release */,
			);
			defaultConfigurationIsVisible = 0;
			defaultConfigurationName = Release;
		};
/* End XCConfigurationList section */

/* Begin XCVersionGroup section */
		3618F82A291E10E70021114C /* MVVM.xcdatamodeld */ = {
			isa = XCVersionGroup;
			children = (
				3618F82B291E10E70021114C /* MVVM.xcdatamodel */,
			);
			currentVersion = 3618F82B291E10E70021114C /* MVVM.xcdatamodel */;
			path = MVVM.xcdatamodeld;
			sourceTree = "<group>";
			versionGroupType = wrapper.xcdatamodel;
		};
/* End XCVersionGroup section */
	};
	rootObject = 3618F816291E10E70021114C /* Project object */;
}
